# THIS IS AN AUTOGENERATED FILE. DO NOT EDIT THIS FILE DIRECTLY.
# yarn lockfile v1


"@types/fabric@^5.3.5":
  version "5.3.5"
  resolved "https://registry.npmmirror.com/@types/fabric/-/fabric-5.3.5.tgz#dfe3e41b0076e39305c39f1e944ee5f92a5fc974"
  integrity sha512-ZJgLE4DYpPRPEfO32iYe+6ii7k9WgiFdm/2E98RaAGZGfgdyiXbXzaglWxDGe9WmJXXbsZ814QYDiKkOZwFqLg==

fabricjs@^1.0.0:
  version "1.0.0"
  resolved "https://registry.npmmirror.com/fabricjs/-/fabricjs-1.0.0.tgz#1b2ba066716d683fae80d9a8aebace1a4fedec07"
  integrity sha512-yrGBr1bfm+yfrygbyVAJW51tWUv36J8+gEpC66aJVdSyGRrmzNcVsYUp3nma8sEdCZjIsWxyMX2vgXrkcOBW7A==

typescript@^5.2.2:
  version "5.2.2"
  resolved "https://registry.npmmirror.com/typescript/-/typescript-5.2.2.tgz#5ebb5e5a5b75f085f22bc3f8460fba308310fa78"
  integrity sha512-mI4WrpHsbCIcwT9cF4FZvr80QUeKvsUsUvKDoR+X/7XHQH98xYD8YHZg7ANtz2GtZt/CBq2QJ0thkGJMHfqc1w==
